
Microsoft Visual Studio Solution File, Format Version 12.00
# Visual Studio Version 16
VisualStudioVersion = 16.0.29102.190
MinimumVisualStudioVersion = 10.0.40219.1
Project("{FAE04EC0-301F-11D3-BF4B-00C04F79EFBC}") = "Game", "Game\Game.csproj", "{390B47FD-F2CD-4DB5-8676-8CC36F1E325C}"
EndProject
Global
	GlobalSection(SolutionConfigurationPlatforms) = preSolution
		Debug|Any CPU = Debug|Any CPU
		Release|Any CPU = Release|Any CPU
	EndGlobalSection
	GlobalSection(ProjectConfigurationPlatforms) = postSolution
		{390B47FD-F2CD-4DB5-8676-8CC36F1E325C}.Debug|Any CPU.ActiveCfg = Debug|Any CPU
		{390B47FD-F2CD-4DB5-8676-8CC36F1E325C}.Debug|Any CPU.Build.0 = Debug|Any CPU
		{390B47FD-F2CD-4DB5-8676-8CC36F1E325C}.Release|Any CPU.ActiveCfg = Release|Any CPU
		{390B47FD-F2CD-4DB5-8676-8CC36F1E325C}.Release|Any CPU.Build.0 = Release|Any CPU
	EndGlobalSection
	GlobalSection(SolutionProperties) = preSolution
		HideSolutionNode = FALSE
	EndGlobalSection
	GlobalSection(ExtensibilityGlobals) = postSolution
		SolutionGuid = {4C1BB125-9D08-40F8-B195-039A576F5DEC}
	EndGlobalSection
EndGlobal
